// !$*UTF8*$!
{
	archiveVersion = 1;
	classes = {
	};
	objectVersion = 77;
	objects = {

/* Begin PBXContainerItemProxy section */
		CBF5AA282DE2FB0D00E7B9EF /* PBXContainerItemProxy */ = {
			isa = PBXContainerItemProxy;
			containerPortal = CBF5AA092DE2FB0C00E7B9EF /* Project object */;
			proxyType = 1;
			remoteGlobalIDString = CBF5AA102DE2FB0C00E7B9EF;
			remoteInfo = Bmi;
		};
		CBF5AA322DE2FB0D00E7B9EF /* PBXContainerItemProxy */ = {
			isa = PBXContainerItemProxy;
			containerPortal = CBF5AA092DE2FB0C00E7B9EF /* Project object */;
			proxyType = 1;
			remoteGlobalIDString = CBF5AA102DE2FB0C00E7B9EF;
			remoteInfo = Bmi;
		};
/* End PBXContainerItemProxy section */

/* Begin PBXFileReference section */
		CBF5AA112DE2FB0C00E7B9EF /* Bmi.app */ = {isa = PBXFileReference; explicitFileType = wrapper.application; includeInIndex = 0; path = Bmi.app; sourceTree = BUILT_PRODUCTS_DIR; };
		CBF5AA272DE2FB0D00E7B9EF /* BmiTests.xctest */ = {isa = PBXFileReference; explicitFileType = wrapper.cfbundle; includeInIndex = 0; path = BmiTests.xctest; sourceTree = BUILT_PRODUCTS_DIR; };
		CBF5AA312DE2FB0D00E7B9EF /* BmiUITests.xctest */ = {isa = PBXFileReference; explicitFileType = wrapper.cfbundle; includeInIndex = 0; path = BmiUITests.xctest; sourceTree = BUILT_PRODUCTS_DIR; };
/* End PBXFileReference section */

/* Begin PBXFileSystemSynchronizedBuildFileExceptionSet section */
		CBF5AA392DE2FB0D00E7B9EF /* Exceptions for "Bmi" folder in "Bmi" target */ = {
			isa = PBXFileSystemSynchronizedBuildFileExceptionSet;
			membershipExceptions = (
				Info.plist,
			);
			target = CBF5AA102DE2FB0C00E7B9EF /* Bmi */;
		};
/* End PBXFileSystemSynchronizedBuildFileExceptionSet section */

/* Begin PBXFileSystemSynchronizedRootGroup section */
		CBF5AA132DE2FB0C00E7B9EF /* Bmi */ = {
			isa = PBXFileSystemSynchronizedRootGroup;
			exceptions = (
				CBF5AA392DE2FB0D00E7B9EF /* Exceptions for "Bmi" folder in "Bmi" target */,
			);
			path = Bmi;
			sourceTree = "<group>";
		};
		CBF5AA2A2DE2FB0D00E7B9EF /* BmiTests */ = {
			isa = PBXFileSystemSynchronizedRootGroup;
			path = BmiTests;
			sourceTree = "<group>";
		};
		CBF5AA342DE2FB0D00E7B9EF /* BmiUITests */ = {
			isa = PBXFileSystemSynchronizedRootGroup;
			path = BmiUITests;
			sourceTree = "<group>";
		};
/* End PBXFileSystemSynchronizedRootGroup section */

/* Begin PBXFrameworksBuildPhase section */
		CBF5AA0E2DE2FB0C00E7B9EF /* Frameworks */ = {
			isa = PBXFrameworksBuildPhase;
			buildActionMask = 2147483647;
			files = (
			);
			runOnlyForDeploymentPostprocessing = 0;
		};
		CBF5AA242DE2FB0D00E7B9EF /* Frameworks */ = {
			isa = PBXFrameworksBuildPhase;
			buildActionMask = 2147483647;
			files = (
			);
			runOnlyForDeploymentPostprocessing = 0;
		};
		CBF5AA2E2DE2FB0D00E7B9EF /* Frameworks */ = {
			isa = PBXFrameworksBuildPhase;
			buildActionMask = 2147483647;
			files = (
			);
			runOnlyForDeploymentPostprocessing = 0;
		};
/* End PBXFrameworksBuildPhase section */

/* Begin PBXGroup section */
		CBF5AA082DE2FB0C00E7B9EF = {
			isa = PBXGroup;
			children = (
				CBF5AA132DE2FB0C00E7B9EF /* Bmi */,
				CBF5AA2A2DE2FB0D00E7B9EF /* BmiTests */,
				CBF5AA342DE2FB0D00E7B9EF /* BmiUITests */,
				CBF5AA122DE2FB0C00E7B9EF /* Products */,
			);
			sourceTree = "<group>";
		};
		CBF5AA122DE2FB0C00E7B9EF /* Products */ = {
			isa = PBXGroup;
			children = (
				CBF5AA112DE2FB0C00E7B9EF /* Bmi.app */,
				CBF5AA272DE2FB0D00E7B9EF /* BmiTests.xctest */,
				CBF5AA312DE2FB0D00E7B9EF /* BmiUITests.xctest */,
			);
			name = Products;
			sourceTree = "<group>";
		};
/* End PBXGroup section */

/* Begin PBXNativeTarget section */
		CBF5AA102DE2FB0C00E7B9EF /* Bmi */ = {
			isa = PBXNativeTarget;
			buildConfigurationList = CBF5AA3A2DE2FB0D00E7B9EF /* Build configuration list for PBXNativeTarget "Bmi" */;
			buildPhases = (
				CBF5AA0D2DE2FB0C00E7B9EF /* Sources */,
				CBF5AA0E2DE2FB0C00E7B9EF /* Frameworks */,
				CBF5AA0F2DE2FB0C00E7B9EF /* Resources */,
			);
			buildRules = (
			);
			dependencies = (
			);
			fileSystemSynchronizedGroups = (
				CBF5AA132DE2FB0C00E7B9EF /* Bmi */,
			);
			name = Bmi;
			packageProductDependencies = (
			);
			productName = Bmi;
			productReference = CBF5AA112DE2FB0C00E7B9EF /* Bmi.app */;
			productType = "com.apple.product-type.application";
		};
		CBF5AA262DE2FB0D00E7B9EF /* BmiTests */ = {
			isa = PBXNativeTarget;
			buildConfigurationList = CBF5AA3F2DE2FB0D00E7B9EF /* Build configuration list for PBXNativeTarget "BmiTests" */;
			buildPhases = (
				CBF5AA232DE2FB0D00E7B9EF /* Sources */,
				CBF5AA242DE2FB0D00E7B9EF /* Frameworks */,
				CBF5AA252DE2FB0D00E7B9EF /* Resources */,
			);
			buildRules = (
			);
			dependencies = (
				CBF5AA292DE2FB0D00E7B9EF /* PBXTargetDependency */,
			);
			fileSystemSynchronizedGroups = (
				CBF5AA2A2DE2FB0D00E7B9EF /* BmiTests */,
			);
			name = BmiTests;
			packageProductDependencies = (
			);
			productName = BmiTests;
			productReference = CBF5AA272DE2FB0D00E7B9EF /* BmiTests.xctest */;
			productType = "com.apple.product-type.bundle.unit-test";
		};
		CBF5AA302DE2FB0D00E7B9EF /* BmiUITests */ = {
			isa = PBXNativeTarget;
			buildConfigurationList = CBF5AA422DE2FB0D00E7B9EF /* Build configuration list for PBXNativeTarget "BmiUITests" */;
			buildPhases = (
				CBF5AA2D2DE2FB0D00E7B9EF /* Sources */,
				CBF5AA2E2DE2FB0D00E7B9EF /* Frameworks */,
				CBF5AA2F2DE2FB0D00E7B9EF /* Resources */,
			);
			buildRules = (
			);
			dependencies = (
				CBF5AA332DE2FB0D00E7B9EF /* PBXTargetDependency */,
			);
			fileSystemSynchronizedGroups = (
				CBF5AA342DE2FB0D00E7B9EF /* BmiUITests */,
			);
			name = BmiUITests;
			packageProductDependencies = (
			);
			productName = BmiUITests;
			productReference = CBF5AA312DE2FB0D00E7B9EF /* BmiUITests.xctest */;
			productType = "com.apple.product-type.bundle.ui-testing";
		};
/* End PBXNativeTarget section */

/* Begin PBXProject section */
		CBF5AA092DE2FB0C00E7B9EF /* Project object */ = {
			isa = PBXProject;
			attributes = {
				BuildIndependentTargetsInParallel = 1;
				LastSwiftUpdateCheck = 1620;
				LastUpgradeCheck = 1620;
				TargetAttributes = {
					CBF5AA102DE2FB0C00E7B9EF = {
						CreatedOnToolsVersion = 16.2;
					};
					CBF5AA262DE2FB0D00E7B9EF = {
						CreatedOnToolsVersion = 16.2;
						TestTargetID = CBF5AA102DE2FB0C00E7B9EF;
					};
					CBF5AA302DE2FB0D00E7B9EF = {
						CreatedOnToolsVersion = 16.2;
						TestTargetID = CBF5AA102DE2FB0C00E7B9EF;
					};
				};
			};
			buildConfigurationList = CBF5AA0C2DE2FB0C00E7B9EF /* Build configuration list for PBXProject "Bmi" */;
			developmentRegion = en;
			hasScannedForEncodings = 0;
			knownRegions = (
				en,
				Base,
			);
			mainGroup = CBF5AA082DE2FB0C00E7B9EF;
			minimizedProjectReferenceProxies = 1;
			preferredProjectObjectVersion = 77;
			productRefGroup = CBF5AA122DE2FB0C00E7B9EF /* Products */;
			projectDirPath = "";
			projectRoot = "";
			targets = (
				CBF5AA102DE2FB0C00E7B9EF /* Bmi */,
				CBF5AA262DE2FB0D00E7B9EF /* BmiTests */,
				CBF5AA302DE2FB0D00E7B9EF /* BmiUITests */,
			);
		};
/* End PBXProject section */

/* Begin PBXResourcesBuildPhase section */
		CBF5AA0F2DE2FB0C00E7B9EF /* Resources */ = {
			isa = PBXResourcesBuildPhase;
			buildActionMask = 2147483647;
			files = (
			);
			runOnlyForDeploymentPostprocessing = 0;
		};
		CBF5AA252DE2FB0D00E7B9EF /* Resources */ = {
			isa = PBXResourcesBuildPhase;
			buildActionMask = 2147483647;
			files = (
			);
			runOnlyForDeploymentPostprocessing = 0;
		};
		CBF5AA2F2DE2FB0D00E7B9EF /* Resources */ = {
			isa = PBXResourcesBuildPhase;
			buildActionMask = 2147483647;
			files = (
			);
			runOnlyForDeploymentPostprocessing = 0;
		};
/* End PBXResourcesBuildPhase section */

/* Begin PBXSourcesBuildPhase section */
		CBF5AA0D2DE2FB0C00E7B9EF /* Sources */ = {
			isa = PBXSourcesBuildPhase;
			buildActionMask = 2147483647;
			files = (
			);
			runOnlyForDeploymentPostprocessing = 0;
		};
		CBF5AA232DE2FB0D00E7B9EF /* Sources */ = {
			isa = PBXSourcesBuildPhase;
			buildActionMask = 2147483647;
			files = (
			);
			runOnlyForDeploymentPostprocessing = 0;
		};
		CBF5AA2D2DE2FB0D00E7B9EF /* Sources */ = {
			isa = PBXSourcesBuildPhase;
			buildActionMask = 2147483647;
			files = (
			);
			runOnlyForDeploymentPostprocessing = 0;
		};
/* End PBXSourcesBuildPhase section */

/* Begin PBXTargetDependency section */
		CBF5AA292DE2FB0D00E7B9EF /* PBXTargetDependency */ = {
			isa = PBXTargetDependency;
			target = CBF5AA102DE2FB0C00E7B9EF /* Bmi */;
			targetProxy = CBF5AA282DE2FB0D00E7B9EF /* PBXContainerItemProxy */;
		};
		CBF5AA332DE2FB0D00E7B9EF /* PBXTargetDependency */ = {
			isa = PBXTargetDependency;
			target = CBF5AA102DE2FB0C00E7B9EF /* Bmi */;
			targetProxy = CBF5AA322DE2FB0D00E7B9EF /* PBXContainerItemProxy */;
		};
/* End PBXTargetDependency section */

/* Begin XCBuildConfiguration section */
		CBF5AA3B2DE2FB0D00E7B9EF /* Debug */ = {
			isa = XCBuildConfiguration;
			buildSettings = {
				ASSETCATALOG_COMPILER_APPICON_NAME = AppIcon;
				ASSETCATALOG_COMPILER_GLOBAL_ACCENT_COLOR_NAME = AccentColor;
				CODE_SIGN_STYLE = Automatic;
				CURRENT_PROJECT_VERSION = 1;
				GENERATE_INFOPLIST_FILE = YES;
				INFOPLIST_FILE = Bmi/Info.plist;
				INFOPLIST_KEY_UIApplicationSupportsIndirectInputEvents = YES;
				INFOPLIST_KEY_UILaunchStoryboardName = LaunchScreen;
				INFOPLIST_KEY_UIMainStoryboardFile = Main;
				INFOPLIST_KEY_UISupportedInterfaceOrientations_iPad = "UIInterfaceOrientationPortrait UIInterfaceOrientationPortraitUpsideDown UIInterfaceOrientationLandscapeLeft UIInterfaceOrientationLandscapeRight";
				INFOPLIST_KEY_UISupportedInterfaceOrientations_iPhone = "UIInterfaceOrientationPortrait UIInterfaceOrientationLandscapeLeft UIInterfaceOrientationLandscapeRight";
				LD_RUNPATH_SEARCH_PATHS = (
					"$(inherited)",
					"@executable_path/Frameworks",
				);
				MARKETING_VERSION = 1.0;
				PRODUCT_BUNDLE_IDENTIFIER = com.yeon.Bmi;
				PRODUCT_NAME = "$(TARGET_NAME)";
				SWIFT_EMIT_LOC_STRINGS = YES;
				SWIFT_VERSION = 5.0;
				TARGETED_DEVICE_FAMILY = "1,2";
			};
			name = Debug;
		};
		CBF5AA3C2DE2FB0D00E7B9EF /* Release */ = {
			isa = XCBuildConfiguration;
			buildSettings = {
				ASSETCATALOG_COMPILER_APPICON_NAME = AppIcon;
				ASSETCATALOG_COMPILER_GLOBAL_ACCENT_COLOR_NAME = AccentColor;
				CODE_SIGN_STYLE = Automatic;
				CURRENT_PROJECT_VERSION = 1;
				GENERATE_INFOPLIST_FILE = YES;
				INFOPLIST_FILE = Bmi/Info.plist;
				INFOPLIST_KEY_UIApplicationSupportsIndirectInputEvents = YES;
				INFOPLIST_KEY_UILaunchStoryboardName = LaunchScreen;
				INFOPLIST_KEY_UIMainStoryboardFile = Main;
				INFOPLIST_KEY_UISupportedInterfaceOrientations_iPad = "UIInterfaceOrientationPortrait UIInterfaceOrientationPortraitUpsideDown UIInterfaceOrientationLandscapeLeft UIInterfaceOrientationLandscapeRight";
				INFOPLIST_KEY_UISupportedInterfaceOrientations_iPhone = "UIInterfaceOrientationPortrait UIInterfaceOrientationLandscapeLeft UIInterfaceOrientationLandscapeRight";
				LD_RUNPATH_SEARCH_PATHS = (
					"$(inherited)",
					"@executable_path/Frameworks",
				);
				MARKETING_VERSION = 1.0;
				PRODUCT_BUNDLE_IDENTIFIER = com.yeon.Bmi;
				PRODUCT_NAME = "$(TARGET_NAME)";
				SWIFT_EMIT_LOC_STRINGS = YES;
				SWIFT_VERSION = 5.0;
				TARGETED_DEVICE_FAMILY = "1,2";
			};
			name = Release;
		};
		CBF5AA3D2DE2FB0D00E7B9EF /* Debug */ = {
			isa = XCBuildConfiguration;
			buildSettings = {
				ALWAYS_SEARCH_USER_PATHS = NO;
				ASSETCATALOG_COMPILER_GENERATE_SWIFT_ASSET_SYMBOL_EXTENSIONS = YES;
				CLANG_ANALYZER_NONNULL = YES;
				CLANG_ANALYZER_NUMBER_OBJECT_CONVERSION = YES_AGGRESSIVE;
				CLANG_CXX_LANGUAGE_STANDARD = "gnu++20";
				CLANG_ENABLE_MODULES = YES;
				CLANG_ENABLE_OBJC_ARC = YES;
				CLANG_ENABLE_OBJC_WEAK = YES;
				CLANG_WARN_BLOCK_CAPTURE_AUTORELEASING = YES;
				CLANG_WARN_BOOL_CONVERSION = YES;
				CLANG_WARN_COMMA = YES;
				CLANG_WARN_CONSTANT_CONVERSION = YES;
				CLANG_WARN_DEPRECATED_OBJC_IMPLEMENTATIONS = YES;
				CLANG_WARN_DIRECT_OBJC_ISA_USAGE = YES_ERROR;
				CLANG_WARN_DOCUMENTATION_COMMENTS = YES;
				CLANG_WARN_EMPTY_BODY = YES;
				CLANG_WARN_ENUM_CONVERSION = YES;
				CLANG_WARN_INFINITE_RECURSION = YES;
				CLANG_WARN_INT_CONVERSION = YES;
				CLANG_WARN_NON_LITERAL_NULL_CONVERSION = YES;
				CLANG_WARN_OBJC_IMPLICIT_RETAIN_SELF = YES;
				CLANG_WARN_OBJC_LITERAL_CONVERSION = YES;
				CLANG_WARN_OBJC_ROOT_CLASS = YES_ERROR;
				CLANG_WARN_QUOTED_INCLUDE_IN_FRAMEWORK_HEADER = YES;
				CLANG_WARN_RANGE_LOOP_ANALYSIS = YES;
				CLANG_WARN_STRICT_PROTOTYPES = YES;
				CLANG_WARN_SUSPICIOUS_MOVE = YES;
				CLANG_WARN_UNGUARDED_AVAILABILITY = YES_AGGRESSIVE;
				CLANG_WARN_UNREACHABLE_CODE = YES;
				CLANG_WARN__DUPLICATE_METHOD_MATCH = YES;
				COPY_PHASE_STRIP = NO;
				DEBUG_INFORMATION_FORMAT = dwarf;
				ENABLE_STRICT_OBJC_MSGSEND = YES;
				ENABLE_TESTABILITY = YES;
				ENABLE_USER_SCRIPT_SANDBOXING = YES;
				GCC_C_LANGUAGE_STANDARD = gnu17;
				GCC_DYNAMIC_NO_PIC = NO;
				GCC_NO_COMMON_BLOCKS = YES;
				GCC_OPTIMIZATION_LEVEL = 0;
				GCC_PREPROCESSOR_DEFINITIONS = (
					"DEBUG=1",
					"$(inherited)",
				);
				GCC_WARN_64_TO_32_BIT_CONVERSION = YES;
				GCC_WARN_ABOUT_RETURN_TYPE = YES_ERROR;
				GCC_WARN_UNDECLARED_SELECTOR = YES;
				GCC_WARN_UNINITIALIZED_AUTOS = YES_AGGRESSIVE;
				GCC_WARN_UNUSED_FUNCTION = YES;
				GCC_WARN_UNUSED_VARIABLE = YES;
				IPHONEOS_DEPLOYMENT_TARGET = 18.2;
				LOCALIZATION_PREFERS_STRING_CATALOGS = YES;
				MTL_ENABLE_DEBUG_INFO = INCLUDE_SOURCE;
				MTL_FAST_MATH = YES;
				ONLY_ACTIVE_ARCH = YES;
				SDKROOT = iphoneos;
				SWIFT_ACTIVE_COMPILATION_CONDITIONS = "DEBUG $(inherited)";
				SWIFT_OPTIMIZATION_LEVEL = "-Onone";
			};
			name = Debug;
		};
		CBF5AA3E2DE2FB0D00E7B9EF /* Release */ = {
			isa = XCBuildConfiguration;
			buildSettings = {
				ALWAYS_SEARCH_USER_PATHS = NO;
				ASSETCATALOG_COMPILER_GENERATE_SWIFT_ASSET_SYMBOL_EXTENSIONS = YES;
				CLANG_ANALYZER_NONNULL = YES;
				CLANG_ANALYZER_NUMBER_OBJECT_CONVERSION = YES_AGGRESSIVE;
				CLANG_CXX_LANGUAGE_STANDARD = "gnu++20";
				CLANG_ENABLE_MODULES = YES;
				CLANG_ENABLE_OBJC_ARC = YES;
				CLANG_ENABLE_OBJC_WEAK = YES;
				CLANG_WARN_BLOCK_CAPTURE_AUTORELEASING = YES;
				CLANG_WARN_BOOL_CONVERSION = YES;
				CLANG_WARN_COMMA = YES;
				CLANG_WARN_CONSTANT_CONVERSION = YES;
				CLANG_WARN_DEPRECATED_OBJC_IMPLEMENTATIONS = YES;
				CLANG_WARN_DIRECT_OBJC_ISA_USAGE = YES_ERROR;
				CLANG_WARN_DOCUMENTATION_COMMENTS = YES;
				CLANG_WARN_EMPTY_BODY = YES;
				CLANG_WARN_ENUM_CONVERSION = YES;
				CLANG_WARN_INFINITE_RECURSION = YES;
				CLANG_WARN_INT_CONVERSION = YES;
				CLANG_WARN_NON_LITERAL_NULL_CONVERSION = YES;
				CLANG_WARN_OBJC_IMPLICIT_RETAIN_SELF = YES;
				CLANG_WARN_OBJC_LITERAL_CONVERSION = YES;
				CLANG_WARN_OBJC_ROOT_CLASS = YES_ERROR;
				CLANG_WARN_QUOTED_INCLUDE_IN_FRAMEWORK_HEADER = YES;
				CLANG_WARN_RANGE_LOOP_ANALYSIS = YES;
				CLANG_WARN_STRICT_PROTOTYPES = YES;
				CLANG_WARN_SUSPICIOUS_MOVE = YES;
				CLANG_WARN_UNGUARDED_AVAILABILITY = YES_AGGRESSIVE;
				CLANG_WARN_UNREACHABLE_CODE = YES;
				CLANG_WARN__DUPLICATE_METHOD_MATCH = YES;
				COPY_PHASE_STRIP = NO;
				DEBUG_INFORMATION_FORMAT = "dwarf-with-dsym";
				ENABLE_NS_ASSERTIONS = NO;
				ENABLE_STRICT_OBJC_MSGSEND = YES;
				ENABLE_USER_SCRIPT_SANDBOXING = YES;
				GCC_C_LANGUAGE_STANDARD = gnu17;
				GCC_NO_COMMON_BLOCKS = YES;
				GCC_WARN_64_TO_32_BIT_CONVERSION = YES;
				GCC_WARN_ABOUT_RETURN_TYPE = YES_ERROR;
				GCC_WARN_UNDECLARED_SELECTOR = YES;
				GCC_WARN_UNINITIALIZED_AUTOS = YES_AGGRESSIVE;
				GCC_WARN_UNUSED_FUNCTION = YES;
				GCC_WARN_UNUSED_VARIABLE = YES;
				IPHONEOS_DEPLOYMENT_TARGET = 18.2;
				LOCALIZATION_PREFERS_STRING_CATALOGS = YES;
				MTL_ENABLE_DEBUG_INFO = NO;
				MTL_FAST_MATH = YES;
				SDKROOT = iphoneos;
				SWIFT_COMPILATION_MODE = wholemodule;
				VALIDATE_PRODUCT = YES;
			};
			name = Release;
		};
		CBF5AA402DE2FB0D00E7B9EF /* Debug */ = {
			isa = XCBuildConfiguration;
			buildSettings = {
				BUNDLE_LOADER = "$(TEST_HOST)";
				CODE_SIGN_STYLE = Automatic;
				CURRENT_PROJECT_VERSION = 1;
				GENERATE_INFOPLIST_FILE = YES;
				IPHONEOS_DEPLOYMENT_TARGET = 18.2;
				MARKETING_VERSION = 1.0;
				PRODUCT_BUNDLE_IDENTIFIER = com.yeon.BmiTests;
				PRODUCT_NAME = "$(TARGET_NAME)";
				SWIFT_EMIT_LOC_STRINGS = NO;
				SWIFT_VERSION = 5.0;
				TARGETED_DEVICE_FAMILY = "1,2";
				TEST_HOST = "$(BUILT_PRODUCTS_DIR)/Bmi.app/$(BUNDLE_EXECUTABLE_FOLDER_PATH)/Bmi";
			};
			name = Debug;
		};
		CBF5AA412DE2FB0D00E7B9EF /* Release */ = {
			isa = XCBuildConfiguration;
			buildSettings = {
				BUNDLE_LOADER = "$(TEST_HOST)";
				CODE_SIGN_STYLE = Automatic;
				CURRENT_PROJECT_VERSION = 1;
				GENERATE_INFOPLIST_FILE = YES;
				IPHONEOS_DEPLOYMENT_TARGET = 18.2;
				MARKETING_VERSION = 1.0;
				PRODUCT_BUNDLE_IDENTIFIER = com.yeon.BmiTests;
				PRODUCT_NAME = "$(TARGET_NAME)";
				SWIFT_EMIT_LOC_STRINGS = NO;
				SWIFT_VERSION = 5.0;
				TARGETED_DEVICE_FAMILY = "1,2";
				TEST_HOST = "$(BUILT_PRODUCTS_DIR)/Bmi.app/$(BUNDLE_EXECUTABLE_FOLDER_PATH)/Bmi";
			};
			name = Release;
		};
		CBF5AA432DE2FB0D00E7B9EF /* Debug */ = {
			isa = XCBuildConfiguration;
			buildSettings = {
				CODE_SIGN_STYLE = Automatic;
				CURRENT_PROJECT_VERSION = 1;
				GENERATE_INFOPLIST_FILE = YES;
				MARKETING_VERSION = 1.0;
				PRODUCT_BUNDLE_IDENTIFIER = com.yeon.BmiUITests;
				PRODUCT_NAME = "$(TARGET_NAME)";
				SWIFT_EMIT_LOC_STRINGS = NO;
				SWIFT_VERSION = 5.0;
				TARGETED_DEVICE_FAMILY = "1,2";
				TEST_TARGET_NAME = Bmi;
			};
			name = Debug;
		};
		CBF5AA442DE2FB0D00E7B9EF /* Release */ = {
			isa = XCBuildConfiguration;
			buildSettings = {
				CODE_SIGN_STYLE = Automatic;
				CURRENT_PROJECT_VERSION = 1;
				GENERATE_INFOPLIST_FILE = YES;
				MARKETING_VERSION = 1.0;
				PRODUCT_BUNDLE_IDENTIFIER = com.yeon.BmiUITests;
				PRODUCT_NAME = "$(TARGET_NAME)";
				SWIFT_EMIT_LOC_STRINGS = NO;
				SWIFT_VERSION = 5.0;
				TARGETED_DEVICE_FAMILY = "1,2";
				TEST_TARGET_NAME = Bmi;
			};
			name = Release;
		};
/* End XCBuildConfiguration section */

/* Begin XCConfigurationList section */
		CBF5AA0C2DE2FB0C00E7B9EF /* Build configuration list for PBXProject "Bmi" */ = {
			isa = XCConfigurationList;
			buildConfigurations = (
				CBF5AA3D2DE2FB0D00E7B9EF /* Debug */,
				CBF5AA3E2DE2FB0D00E7B9EF /* Release */,
			);
			defaultConfigurationIsVisible = 0;
			defaultConfigurationName = Release;
		};
		CBF5AA3A2DE2FB0D00E7B9EF /* Build configuration list for PBXNativeTarget "Bmi" */ = {
			isa = XCConfigurationList;
			buildConfigurations = (
				CBF5AA3B2DE2FB0D00E7B9EF /* Debug */,
				CBF5AA3C2DE2FB0D00E7B9EF /* Release */,
			);
			defaultConfigurationIsVisible = 0;
			defaultConfigurationName = Release;
		};
		CBF5AA3F2DE2FB0D00E7B9EF /* Build configuration list for PBXNativeTarget "BmiTests" */ = {
			isa = XCConfigurationList;
			buildConfigurations = (
				CBF5AA402DE2FB0D00E7B9EF /* Debug */,
				CBF5AA412DE2FB0D00E7B9EF /* Release */,
			);
			defaultConfigurationIsVisible = 0;
			defaultConfigurationName = Release;
		};
		CBF5AA422DE2FB0D00E7B9EF /* Build configuration list for PBXNativeTarget "BmiUITests" */ = {
			isa = XCConfigurationList;
			buildConfigurations = (
				CBF5AA432DE2FB0D00E7B9EF /* Debug */,
				CBF5AA442DE2FB0D00E7B9EF /* Release */,
			);
			defaultConfigurationIsVisible = 0;
			defaultConfigurationName = Release;
		};
/* End XCConfigurationList section */
	};
	rootObject = CBF5AA092DE2FB0C00E7B9EF /* Project object */;
}
