// !$*UTF8*$!
{
	archiveVersion = 1;
	classes = {
	};
	objectVersion = 77;
	objects = {

/* Begin PBXContainerItemProxy section */
		CB1A50882DA3E0F100156B26 /* PBXContainerItemProxy */ = {
			isa = PBXContainerItemProxy;
			containerPortal = CB1A506F2DA3E0F100156B26 /* Project object */;
			proxyType = 1;
			remoteGlobalIDString = CB1A50762DA3E0F100156B26;
			remoteInfo = Moviecontrol;
		};
		CB1A50922DA3E0F100156B26 /* PBXContainerItemProxy */ = {
			isa = PBXContainerItemProxy;
			containerPortal = CB1A506F2DA3E0F100156B26 /* Project object */;
			proxyType = 1;
			remoteGlobalIDString = CB1A50762DA3E0F100156B26;
			remoteInfo = Moviecontrol;
		};
/* End PBXContainerItemProxy section */

/* Begin PBXFileReference section */
		CB1A50772DA3E0F100156B26 /* Moviecontrol.app */ = {isa = PBXFileReference; explicitFileType = wrapper.application; includeInIndex = 0; path = Moviecontrol.app; sourceTree = BUILT_PRODUCTS_DIR; };
		CB1A50872DA3E0F100156B26 /* MoviecontrolTests.xctest */ = {isa = PBXFileReference; explicitFileType = wrapper.cfbundle; includeInIndex = 0; path = MoviecontrolTests.xctest; sourceTree = BUILT_PRODUCTS_DIR; };
		CB1A50912DA3E0F100156B26 /* MoviecontrolUITests.xctest */ = {isa = PBXFileReference; explicitFileType = wrapper.cfbundle; includeInIndex = 0; path = MoviecontrolUITests.xctest; sourceTree = BUILT_PRODUCTS_DIR; };
/* End PBXFileReference section */

/* Begin PBXFileSystemSynchronizedRootGroup section */
		CB1A50792DA3E0F100156B26 /* Moviecontrol */ = {
			isa = PBXFileSystemSynchronizedRootGroup;
			path = Moviecontrol;
			sourceTree = "<group>";
		};
		CB1A508A2DA3E0F100156B26 /* MoviecontrolTests */ = {
			isa = PBXFileSystemSynchronizedRootGroup;
			path = MoviecontrolTests;
			sourceTree = "<group>";
		};
		CB1A50942DA3E0F100156B26 /* MoviecontrolUITests */ = {
			isa = PBXFileSystemSynchronizedRootGroup;
			path = MoviecontrolUITests;
			sourceTree = "<group>";
		};
/* End PBXFileSystemSynchronizedRootGroup section */

/* Begin PBXFrameworksBuildPhase section */
		CB1A50742DA3E0F100156B26 /* Frameworks */ = {
			isa = PBXFrameworksBuildPhase;
			buildActionMask = 2147483647;
			files = (
			);
			runOnlyForDeploymentPostprocessing = 0;
		};
		CB1A50842DA3E0F100156B26 /* Frameworks */ = {
			isa = PBXFrameworksBuildPhase;
			buildActionMask = 2147483647;
			files = (
			);
			runOnlyForDeploymentPostprocessing = 0;
		};
		CB1A508E2DA3E0F100156B26 /* Frameworks */ = {
			isa = PBXFrameworksBuildPhase;
			buildActionMask = 2147483647;
			files = (
			);
			runOnlyForDeploymentPostprocessing = 0;
		};
/* End PBXFrameworksBuildPhase section */

/* Begin PBXGroup section */
		CB1A506E2DA3E0F100156B26 = {
			isa = PBXGroup;
			children = (
				CB1A50792DA3E0F100156B26 /* Moviecontrol */,
				CB1A508A2DA3E0F100156B26 /* MoviecontrolTests */,
				CB1A50942DA3E0F100156B26 /* MoviecontrolUITests */,
				CB1A50782DA3E0F100156B26 /* Products */,
			);
			sourceTree = "<group>";
		};
		CB1A50782DA3E0F100156B26 /* Products */ = {
			isa = PBXGroup;
			children = (
				CB1A50772DA3E0F100156B26 /* Moviecontrol.app */,
				CB1A50872DA3E0F100156B26 /* MoviecontrolTests.xctest */,
				CB1A50912DA3E0F100156B26 /* MoviecontrolUITests.xctest */,
			);
			name = Products;
			sourceTree = "<group>";
		};
/* End PBXGroup section */

/* Begin PBXNativeTarget section */
		CB1A50762DA3E0F100156B26 /* Moviecontrol */ = {
			isa = PBXNativeTarget;
			buildConfigurationList = CB1A509B2DA3E0F100156B26 /* Build configuration list for PBXNativeTarget "Moviecontrol" */;
			buildPhases = (
				CB1A50732DA3E0F100156B26 /* Sources */,
				CB1A50742DA3E0F100156B26 /* Frameworks */,
				CB1A50752DA3E0F100156B26 /* Resources */,
			);
			buildRules = (
			);
			dependencies = (
			);
			fileSystemSynchronizedGroups = (
				CB1A50792DA3E0F100156B26 /* Moviecontrol */,
			);
			name = Moviecontrol;
			packageProductDependencies = (
			);
			productName = Moviecontrol;
			productReference = CB1A50772DA3E0F100156B26 /* Moviecontrol.app */;
			productType = "com.apple.product-type.application";
		};
		CB1A50862DA3E0F100156B26 /* MoviecontrolTests */ = {
			isa = PBXNativeTarget;
			buildConfigurationList = CB1A509E2DA3E0F100156B26 /* Build configuration list for PBXNativeTarget "MoviecontrolTests" */;
			buildPhases = (
				CB1A50832DA3E0F100156B26 /* Sources */,
				CB1A50842DA3E0F100156B26 /* Frameworks */,
				CB1A50852DA3E0F100156B26 /* Resources */,
			);
			buildRules = (
			);
			dependencies = (
				CB1A50892DA3E0F100156B26 /* PBXTargetDependency */,
			);
			fileSystemSynchronizedGroups = (
				CB1A508A2DA3E0F100156B26 /* MoviecontrolTests */,
			);
			name = MoviecontrolTests;
			packageProductDependencies = (
			);
			productName = MoviecontrolTests;
			productReference = CB1A50872DA3E0F100156B26 /* MoviecontrolTests.xctest */;
			productType = "com.apple.product-type.bundle.unit-test";
		};
		CB1A50902DA3E0F100156B26 /* MoviecontrolUITests */ = {
			isa = PBXNativeTarget;
			buildConfigurationList = CB1A50A12DA3E0F100156B26 /* Build configuration list for PBXNativeTarget "MoviecontrolUITests" */;
			buildPhases = (
				CB1A508D2DA3E0F100156B26 /* Sources */,
				CB1A508E2DA3E0F100156B26 /* Frameworks */,
				CB1A508F2DA3E0F100156B26 /* Resources */,
			);
			buildRules = (
			);
			dependencies = (
				CB1A50932DA3E0F100156B26 /* PBXTargetDependency */,
			);
			fileSystemSynchronizedGroups = (
				CB1A50942DA3E0F100156B26 /* MoviecontrolUITests */,
			);
			name = MoviecontrolUITests;
			packageProductDependencies = (
			);
			productName = MoviecontrolUITests;
			productReference = CB1A50912DA3E0F100156B26 /* MoviecontrolUITests.xctest */;
			productType = "com.apple.product-type.bundle.ui-testing";
		};
/* End PBXNativeTarget section */

/* Begin PBXProject section */
		CB1A506F2DA3E0F100156B26 /* Project object */ = {
			isa = PBXProject;
			attributes = {
				BuildIndependentTargetsInParallel = 1;
				LastSwiftUpdateCheck = 1620;
				LastUpgradeCheck = 1620;
				TargetAttributes = {
					CB1A50762DA3E0F100156B26 = {
						CreatedOnToolsVersion = 16.2;
					};
					CB1A50862DA3E0F100156B26 = {
						CreatedOnToolsVersion = 16.2;
						TestTargetID = CB1A50762DA3E0F100156B26;
					};
					CB1A50902DA3E0F100156B26 = {
						CreatedOnToolsVersion = 16.2;
						TestTargetID = CB1A50762DA3E0F100156B26;
					};
				};
			};
			buildConfigurationList = CB1A50722DA3E0F100156B26 /* Build configuration list for PBXProject "Moviecontrol" */;
			developmentRegion = en;
			hasScannedForEncodings = 0;
			knownRegions = (
				en,
				Base,
			);
			mainGroup = CB1A506E2DA3E0F100156B26;
			minimizedProjectReferenceProxies = 1;
			preferredProjectObjectVersion = 77;
			productRefGroup = CB1A50782DA3E0F100156B26 /* Products */;
			projectDirPath = "";
			projectRoot = "";
			targets = (
				CB1A50762DA3E0F100156B26 /* Moviecontrol */,
				CB1A50862DA3E0F100156B26 /* MoviecontrolTests */,
				CB1A50902DA3E0F100156B26 /* MoviecontrolUITests */,
			);
		};
/* End PBXProject section */

/* Begin PBXResourcesBuildPhase section */
		CB1A50752DA3E0F100156B26 /* Resources */ = {
			isa = PBXResourcesBuildPhase;
			buildActionMask = 2147483647;
			files = (
			);
			runOnlyForDeploymentPostprocessing = 0;
		};
		CB1A50852DA3E0F100156B26 /* Resources */ = {
			isa = PBXResourcesBuildPhase;
			buildActionMask = 2147483647;
			files = (
			);
			runOnlyForDeploymentPostprocessing = 0;
		};
		CB1A508F2DA3E0F100156B26 /* Resources */ = {
			isa = PBXResourcesBuildPhase;
			buildActionMask = 2147483647;
			files = (
			);
			runOnlyForDeploymentPostprocessing = 0;
		};
/* End PBXResourcesBuildPhase section */

/* Begin PBXSourcesBuildPhase section */
		CB1A50732DA3E0F100156B26 /* Sources */ = {
			isa = PBXSourcesBuildPhase;
			buildActionMask = 2147483647;
			files = (
			);
			runOnlyForDeploymentPostprocessing = 0;
		};
		CB1A50832DA3E0F100156B26 /* Sources */ = {
			isa = PBXSourcesBuildPhase;
			buildActionMask = 2147483647;
			files = (
			);
			runOnlyForDeploymentPostprocessing = 0;
		};
		CB1A508D2DA3E0F100156B26 /* Sources */ = {
			isa = PBXSourcesBuildPhase;
			buildActionMask = 2147483647;
			files = (
			);
			runOnlyForDeploymentPostprocessing = 0;
		};
/* End PBXSourcesBuildPhase section */

/* Begin PBXTargetDependency section */
		CB1A50892DA3E0F100156B26 /* PBXTargetDependency */ = {
			isa = PBXTargetDependency;
			target = CB1A50762DA3E0F100156B26 /* Moviecontrol */;
			targetProxy = CB1A50882DA3E0F100156B26 /* PBXContainerItemProxy */;
		};
		CB1A50932DA3E0F100156B26 /* PBXTargetDependency */ = {
			isa = PBXTargetDependency;
			target = CB1A50762DA3E0F100156B26 /* Moviecontrol */;
			targetProxy = CB1A50922DA3E0F100156B26 /* PBXContainerItemProxy */;
		};
/* End PBXTargetDependency section */

/* Begin XCBuildConfiguration section */
		CB1A50992DA3E0F100156B26 /* Debug */ = {
			isa = XCBuildConfiguration;
			buildSettings = {
				ALWAYS_SEARCH_USER_PATHS = NO;
				ASSETCATALOG_COMPILER_GENERATE_SWIFT_ASSET_SYMBOL_EXTENSIONS = YES;
				CLANG_ANALYZER_NONNULL = YES;
				CLANG_ANALYZER_NUMBER_OBJECT_CONVERSION = YES_AGGRESSIVE;
				CLANG_CXX_LANGUAGE_STANDARD = "gnu++20";
				CLANG_ENABLE_MODULES = YES;
				CLANG_ENABLE_OBJC_ARC = YES;
				CLANG_ENABLE_OBJC_WEAK = YES;
				CLANG_WARN_BLOCK_CAPTURE_AUTORELEASING = YES;
				CLANG_WARN_BOOL_CONVERSION = YES;
				CLANG_WARN_COMMA = YES;
				CLANG_WARN_CONSTANT_CONVERSION = YES;
				CLANG_WARN_DEPRECATED_OBJC_IMPLEMENTATIONS = YES;
				CLANG_WARN_DIRECT_OBJC_ISA_USAGE = YES_ERROR;
				CLANG_WARN_DOCUMENTATION_COMMENTS = YES;
				CLANG_WARN_EMPTY_BODY = YES;
				CLANG_WARN_ENUM_CONVERSION = YES;
				CLANG_WARN_INFINITE_RECURSION = YES;
				CLANG_WARN_INT_CONVERSION = YES;
				CLANG_WARN_NON_LITERAL_NULL_CONVERSION = YES;
				CLANG_WARN_OBJC_IMPLICIT_RETAIN_SELF = YES;
				CLANG_WARN_OBJC_LITERAL_CONVERSION = YES;
				CLANG_WARN_OBJC_ROOT_CLASS = YES_ERROR;
				CLANG_WARN_QUOTED_INCLUDE_IN_FRAMEWORK_HEADER = YES;
				CLANG_WARN_RANGE_LOOP_ANALYSIS = YES;
				CLANG_WARN_STRICT_PROTOTYPES = YES;
				CLANG_WARN_SUSPICIOUS_MOVE = YES;
				CLANG_WARN_UNGUARDED_AVAILABILITY = YES_AGGRESSIVE;
				CLANG_WARN_UNREACHABLE_CODE = YES;
				CLANG_WARN__DUPLICATE_METHOD_MATCH = YES;
				COPY_PHASE_STRIP = NO;
				DEBUG_INFORMATION_FORMAT = dwarf;
				ENABLE_STRICT_OBJC_MSGSEND = YES;
				ENABLE_TESTABILITY = YES;
				ENABLE_USER_SCRIPT_SANDBOXING = YES;
				GCC_C_LANGUAGE_STANDARD = gnu17;
				GCC_DYNAMIC_NO_PIC = NO;
				GCC_NO_COMMON_BLOCKS = YES;
				GCC_OPTIMIZATION_LEVEL = 0;
				GCC_PREPROCESSOR_DEFINITIONS = (
					"DEBUG=1",
					"$(inherited)",
				);
				GCC_WARN_64_TO_32_BIT_CONVERSION = YES;
				GCC_WARN_ABOUT_RETURN_TYPE = YES_ERROR;
				GCC_WARN_UNDECLARED_SELECTOR = YES;
				GCC_WARN_UNINITIALIZED_AUTOS = YES_AGGRESSIVE;
				GCC_WARN_UNUSED_FUNCTION = YES;
				GCC_WARN_UNUSED_VARIABLE = YES;
				IPHONEOS_DEPLOYMENT_TARGET = 18.2;
				LOCALIZATION_PREFERS_STRING_CATALOGS = YES;
				MTL_ENABLE_DEBUG_INFO = INCLUDE_SOURCE;
				MTL_FAST_MATH = YES;
				ONLY_ACTIVE_ARCH = YES;
				SDKROOT = iphoneos;
				SWIFT_ACTIVE_COMPILATION_CONDITIONS = "DEBUG $(inherited)";
				SWIFT_OPTIMIZATION_LEVEL = "-Onone";
			};
			name = Debug;
		};
		CB1A509A2DA3E0F100156B26 /* Release */ = {
			isa = XCBuildConfiguration;
			buildSettings = {
				ALWAYS_SEARCH_USER_PATHS = NO;
				ASSETCATALOG_COMPILER_GENERATE_SWIFT_ASSET_SYMBOL_EXTENSIONS = YES;
				CLANG_ANALYZER_NONNULL = YES;
				CLANG_ANALYZER_NUMBER_OBJECT_CONVERSION = YES_AGGRESSIVE;
				CLANG_CXX_LANGUAGE_STANDARD = "gnu++20";
				CLANG_ENABLE_MODULES = YES;
				CLANG_ENABLE_OBJC_ARC = YES;
				CLANG_ENABLE_OBJC_WEAK = YES;
				CLANG_WARN_BLOCK_CAPTURE_AUTORELEASING = YES;
				CLANG_WARN_BOOL_CONVERSION = YES;
				CLANG_WARN_COMMA = YES;
				CLANG_WARN_CONSTANT_CONVERSION = YES;
				CLANG_WARN_DEPRECATED_OBJC_IMPLEMENTATIONS = YES;
				CLANG_WARN_DIRECT_OBJC_ISA_USAGE = YES_ERROR;
				CLANG_WARN_DOCUMENTATION_COMMENTS = YES;
				CLANG_WARN_EMPTY_BODY = YES;
				CLANG_WARN_ENUM_CONVERSION = YES;
				CLANG_WARN_INFINITE_RECURSION = YES;
				CLANG_WARN_INT_CONVERSION = YES;
				CLANG_WARN_NON_LITERAL_NULL_CONVERSION = YES;
				CLANG_WARN_OBJC_IMPLICIT_RETAIN_SELF = YES;
				CLANG_WARN_OBJC_LITERAL_CONVERSION = YES;
				CLANG_WARN_OBJC_ROOT_CLASS = YES_ERROR;
				CLANG_WARN_QUOTED_INCLUDE_IN_FRAMEWORK_HEADER = YES;
				CLANG_WARN_RANGE_LOOP_ANALYSIS = YES;
				CLANG_WARN_STRICT_PROTOTYPES = YES;
				CLANG_WARN_SUSPICIOUS_MOVE = YES;
				CLANG_WARN_UNGUARDED_AVAILABILITY = YES_AGGRESSIVE;
				CLANG_WARN_UNREACHABLE_CODE = YES;
				CLANG_WARN__DUPLICATE_METHOD_MATCH = YES;
				COPY_PHASE_STRIP = NO;
				DEBUG_INFORMATION_FORMAT = "dwarf-with-dsym";
				ENABLE_NS_ASSERTIONS = NO;
				ENABLE_STRICT_OBJC_MSGSEND = YES;
				ENABLE_USER_SCRIPT_SANDBOXING = YES;
				GCC_C_LANGUAGE_STANDARD = gnu17;
				GCC_NO_COMMON_BLOCKS = YES;
				GCC_WARN_64_TO_32_BIT_CONVERSION = YES;
				GCC_WARN_ABOUT_RETURN_TYPE = YES_ERROR;
				GCC_WARN_UNDECLARED_SELECTOR = YES;
				GCC_WARN_UNINITIALIZED_AUTOS = YES_AGGRESSIVE;
				GCC_WARN_UNUSED_FUNCTION = YES;
				GCC_WARN_UNUSED_VARIABLE = YES;
				IPHONEOS_DEPLOYMENT_TARGET = 18.2;
				LOCALIZATION_PREFERS_STRING_CATALOGS = YES;
				MTL_ENABLE_DEBUG_INFO = NO;
				MTL_FAST_MATH = YES;
				SDKROOT = iphoneos;
				SWIFT_COMPILATION_MODE = wholemodule;
				VALIDATE_PRODUCT = YES;
			};
			name = Release;
		};
		CB1A509C2DA3E0F100156B26 /* Debug */ = {
			isa = XCBuildConfiguration;
			buildSettings = {
				ASSETCATALOG_COMPILER_APPICON_NAME = AppIcon;
				ASSETCATALOG_COMPILER_GLOBAL_ACCENT_COLOR_NAME = AccentColor;
				CODE_SIGN_STYLE = Automatic;
				CURRENT_PROJECT_VERSION = 1;
				DEVELOPMENT_ASSET_PATHS = "\"Moviecontrol/Preview Content\"";
				ENABLE_PREVIEWS = YES;
				GENERATE_INFOPLIST_FILE = YES;
				INFOPLIST_KEY_UIApplicationSceneManifest_Generation = YES;
				INFOPLIST_KEY_UIApplicationSupportsIndirectInputEvents = YES;
				INFOPLIST_KEY_UILaunchScreen_Generation = YES;
				INFOPLIST_KEY_UISupportedInterfaceOrientations_iPad = "UIInterfaceOrientationPortrait UIInterfaceOrientationPortraitUpsideDown UIInterfaceOrientationLandscapeLeft UIInterfaceOrientationLandscapeRight";
				INFOPLIST_KEY_UISupportedInterfaceOrientations_iPhone = "UIInterfaceOrientationPortrait UIInterfaceOrientationLandscapeLeft UIInterfaceOrientationLandscapeRight";
				LD_RUNPATH_SEARCH_PATHS = (
					"$(inherited)",
					"@executable_path/Frameworks",
				);
				MARKETING_VERSION = 1.0;
				PRODUCT_BUNDLE_IDENTIFIER = com.yeon.Moviecontrol;
				PRODUCT_NAME = "$(TARGET_NAME)";
				SWIFT_EMIT_LOC_STRINGS = YES;
				SWIFT_VERSION = 5.0;
				TARGETED_DEVICE_FAMILY = "1,2";
			};
			name = Debug;
		};
		CB1A509D2DA3E0F100156B26 /* Release */ = {
			isa = XCBuildConfiguration;
			buildSettings = {
				ASSETCATALOG_COMPILER_APPICON_NAME = AppIcon;
				ASSETCATALOG_COMPILER_GLOBAL_ACCENT_COLOR_NAME = AccentColor;
				CODE_SIGN_STYLE = Automatic;
				CURRENT_PROJECT_VERSION = 1;
				DEVELOPMENT_ASSET_PATHS = "\"Moviecontrol/Preview Content\"";
				ENABLE_PREVIEWS = YES;
				GENERATE_INFOPLIST_FILE = YES;
				INFOPLIST_KEY_UIApplicationSceneManifest_Generation = YES;
				INFOPLIST_KEY_UIApplicationSupportsIndirectInputEvents = YES;
				INFOPLIST_KEY_UILaunchScreen_Generation = YES;
				INFOPLIST_KEY_UISupportedInterfaceOrientations_iPad = "UIInterfaceOrientationPortrait UIInterfaceOrientationPortraitUpsideDown UIInterfaceOrientationLandscapeLeft UIInterfaceOrientationLandscapeRight";
				INFOPLIST_KEY_UISupportedInterfaceOrientations_iPhone = "UIInterfaceOrientationPortrait UIInterfaceOrientationLandscapeLeft UIInterfaceOrientationLandscapeRight";
				LD_RUNPATH_SEARCH_PATHS = (
					"$(inherited)",
					"@executable_path/Frameworks",
				);
				MARKETING_VERSION = 1.0;
				PRODUCT_BUNDLE_IDENTIFIER = com.yeon.Moviecontrol;
				PRODUCT_NAME = "$(TARGET_NAME)";
				SWIFT_EMIT_LOC_STRINGS = YES;
				SWIFT_VERSION = 5.0;
				TARGETED_DEVICE_FAMILY = "1,2";
			};
			name = Release;
		};
		CB1A509F2DA3E0F100156B26 /* Debug */ = {
			isa = XCBuildConfiguration;
			buildSettings = {
				BUNDLE_LOADER = "$(TEST_HOST)";
				CODE_SIGN_STYLE = Automatic;
				CURRENT_PROJECT_VERSION = 1;
				GENERATE_INFOPLIST_FILE = YES;
				IPHONEOS_DEPLOYMENT_TARGET = 18.2;
				MARKETING_VERSION = 1.0;
				PRODUCT_BUNDLE_IDENTIFIER = com.yeon.MoviecontrolTests;
				PRODUCT_NAME = "$(TARGET_NAME)";
				SWIFT_EMIT_LOC_STRINGS = NO;
				SWIFT_VERSION = 5.0;
				TARGETED_DEVICE_FAMILY = "1,2";
				TEST_HOST = "$(BUILT_PRODUCTS_DIR)/Moviecontrol.app/$(BUNDLE_EXECUTABLE_FOLDER_PATH)/Moviecontrol";
			};
			name = Debug;
		};
		CB1A50A02DA3E0F100156B26 /* Release */ = {
			isa = XCBuildConfiguration;
			buildSettings = {
				BUNDLE_LOADER = "$(TEST_HOST)";
				CODE_SIGN_STYLE = Automatic;
				CURRENT_PROJECT_VERSION = 1;
				GENERATE_INFOPLIST_FILE = YES;
				IPHONEOS_DEPLOYMENT_TARGET = 18.2;
				MARKETING_VERSION = 1.0;
				PRODUCT_BUNDLE_IDENTIFIER = com.yeon.MoviecontrolTests;
				PRODUCT_NAME = "$(TARGET_NAME)";
				SWIFT_EMIT_LOC_STRINGS = NO;
				SWIFT_VERSION = 5.0;
				TARGETED_DEVICE_FAMILY = "1,2";
				TEST_HOST = "$(BUILT_PRODUCTS_DIR)/Moviecontrol.app/$(BUNDLE_EXECUTABLE_FOLDER_PATH)/Moviecontrol";
			};
			name = Release;
		};
		CB1A50A22DA3E0F100156B26 /* Debug */ = {
			isa = XCBuildConfiguration;
			buildSettings = {
				CODE_SIGN_STYLE = Automatic;
				CURRENT_PROJECT_VERSION = 1;
				GENERATE_INFOPLIST_FILE = YES;
				MARKETING_VERSION = 1.0;
				PRODUCT_BUNDLE_IDENTIFIER = com.yeon.MoviecontrolUITests;
				PRODUCT_NAME = "$(TARGET_NAME)";
				SWIFT_EMIT_LOC_STRINGS = NO;
				SWIFT_VERSION = 5.0;
				TARGETED_DEVICE_FAMILY = "1,2";
				TEST_TARGET_NAME = Moviecontrol;
			};
			name = Debug;
		};
		CB1A50A32DA3E0F100156B26 /* Release */ = {
			isa = XCBuildConfiguration;
			buildSettings = {
				CODE_SIGN_STYLE = Automatic;
				CURRENT_PROJECT_VERSION = 1;
				GENERATE_INFOPLIST_FILE = YES;
				MARKETING_VERSION = 1.0;
				PRODUCT_BUNDLE_IDENTIFIER = com.yeon.MoviecontrolUITests;
				PRODUCT_NAME = "$(TARGET_NAME)";
				SWIFT_EMIT_LOC_STRINGS = NO;
				SWIFT_VERSION = 5.0;
				TARGETED_DEVICE_FAMILY = "1,2";
				TEST_TARGET_NAME = Moviecontrol;
			};
			name = Release;
		};
/* End XCBuildConfiguration section */

/* Begin XCConfigurationList section */
		CB1A50722DA3E0F100156B26 /* Build configuration list for PBXProject "Moviecontrol" */ = {
			isa = XCConfigurationList;
			buildConfigurations = (
				CB1A50992DA3E0F100156B26 /* Debug */,
				CB1A509A2DA3E0F100156B26 /* Release */,
			);
			defaultConfigurationIsVisible = 0;
			defaultConfigurationName = Release;
		};
		CB1A509B2DA3E0F100156B26 /* Build configuration list for PBXNativeTarget "Moviecontrol" */ = {
			isa = XCConfigurationList;
			buildConfigurations = (
				CB1A509C2DA3E0F100156B26 /* Debug */,
				CB1A509D2DA3E0F100156B26 /* Release */,
			);
			defaultConfigurationIsVisible = 0;
			defaultConfigurationName = Release;
		};
		CB1A509E2DA3E0F100156B26 /* Build configuration list for PBXNativeTarget "MoviecontrolTests" */ = {
			isa = XCConfigurationList;
			buildConfigurations = (
				CB1A509F2DA3E0F100156B26 /* Debug */,
				CB1A50A02DA3E0F100156B26 /* Release */,
			);
			defaultConfigurationIsVisible = 0;
			defaultConfigurationName = Release;
		};
		CB1A50A12DA3E0F100156B26 /* Build configuration list for PBXNativeTarget "MoviecontrolUITests" */ = {
			isa = XCConfigurationList;
			buildConfigurations = (
				CB1A50A22DA3E0F100156B26 /* Debug */,
				CB1A50A32DA3E0F100156B26 /* Release */,
			);
			defaultConfigurationIsVisible = 0;
			defaultConfigurationName = Release;
		};
/* End XCConfigurationList section */
	};
	rootObject = CB1A506F2DA3E0F100156B26 /* Project object */;
}
